
Microsoft Visual Studio Solution File, Format Version 12.00
# Visual Studio Version 17
VisualStudioVersion = 17.8.34330.188
MinimumVisualStudioVersion = 10.0.40219.1
Project("{FAE04EC0-301F-11D3-BF4B-00C04F79EFBC}") = "WpfApp1Pr3", "WpfApp1Pr3\WpfApp1Pr3.csproj", "{D72D16A1-98BE-40A4-BB5F-3C60F1CECA0B}"
EndProject
Project("{FAE04EC0-301F-11D3-BF4B-00C04F79EFBC}") = "HashPasswords", "HashPasswords\HashPasswords.csproj", "{4B5FCED7-99DB-4972-B725-939EA91E21FD}"
EndProject
Global
	GlobalSection(SolutionConfigurationPlatforms) = preSolution
		Debug|Any CPU = Debug|Any CPU
		Release|Any CPU = Release|Any CPU
	EndGlobalSection
	GlobalSection(ProjectConfigurationPlatforms) = postSolution
		{D72D16A1-98BE-40A4-BB5F-3C60F1CECA0B}.Debug|Any CPU.ActiveCfg = Debug|Any CPU
		{D72D16A1-98BE-40A4-BB5F-3C60F1CECA0B}.Debug|Any CPU.Build.0 = Debug|Any CPU
		{D72D16A1-98BE-40A4-BB5F-3C60F1CECA0B}.Release|Any CPU.ActiveCfg = Release|Any CPU
		{D72D16A1-98BE-40A4-BB5F-3C60F1CECA0B}.Release|Any CPU.Build.0 = Release|Any CPU
		{4B5FCED7-99DB-4972-B725-939EA91E21FD}.Debug|Any CPU.ActiveCfg = Debug|Any CPU
		{4B5FCED7-99DB-4972-B725-939EA91E21FD}.Debug|Any CPU.Build.0 = Debug|Any CPU
		{4B5FCED7-99DB-4972-B725-939EA91E21FD}.Release|Any CPU.ActiveCfg = Release|Any CPU
		{4B5FCED7-99DB-4972-B725-939EA91E21FD}.Release|Any CPU.Build.0 = Release|Any CPU
	EndGlobalSection
	GlobalSection(SolutionProperties) = preSolution
		HideSolutionNode = FALSE
	EndGlobalSection
	GlobalSection(ExtensibilityGlobals) = postSolution
		SolutionGuid = {2A523E36-E4D0-4A5A-B2A3-719068D31B47}
	EndGlobalSection
EndGlobal
